
Microsoft Visual Studio Solution File, Format Version 12.00
# Visual Studio 15
VisualStudioVersion = 15.0.28307.757
MinimumVisualStudioVersion = 10.0.40219.1
Project("{FAE04EC0-301F-11D3-BF4B-00C04F79EFBC}") = "MvcAuth", "MvcAuth\MvcAuth.csproj", "{2C85585B-4949-4E60-BAD3-E9A30BA5A150}"
EndProject
Global
	GlobalSection(SolutionConfigurationPlatforms) = preSolution
		Debug|Any CPU = Debug|Any CPU
		Release|Any CPU = Release|Any CPU
	EndGlobalSection
	GlobalSection(ProjectConfigurationPlatforms) = postSolution
		{2C85585B-4949-4E60-BAD3-E9A30BA5A150}.Debug|Any CPU.ActiveCfg = Debug|Any CPU
		{2C85585B-4949-4E60-BAD3-E9A30BA5A150}.Debug|Any CPU.Build.0 = Debug|Any CPU
		{2C85585B-4949-4E60-BAD3-E9A30BA5A150}.Release|Any CPU.ActiveCfg = Release|Any CPU
		{2C85585B-4949-4E60-BAD3-E9A30BA5A150}.Release|Any CPU.Build.0 = Release|Any CPU
	EndGlobalSection
	GlobalSection(SolutionProperties) = preSolution
		HideSolutionNode = FALSE
	EndGlobalSection
	GlobalSection(ExtensibilityGlobals) = postSolution
		SolutionGuid = {A5441D8F-E398-4066-861C-F2D62B56566B}
	EndGlobalSection
EndGlobal
